
Microsoft Visual Studio Solution File, Format Version 12.00
# Visual Studio 15
VisualStudioVersion = 15.0.28307.1022
MinimumVisualStudioVersion = 10.0.40219.1
Project("{FAE04EC0-301F-11D3-BF4B-00C04F79EFBC}") = "AlziCare", "AlziCare\AlziCare.csproj", "{02C6A577-DC78-4D32-AB7C-74C4FB011DA5}"
EndProject
Global
	GlobalSection(SolutionConfigurationPlatforms) = preSolution
		Debug|Any CPU = Debug|Any CPU
		Release|Any CPU = Release|Any CPU
	EndGlobalSection
	GlobalSection(ProjectConfigurationPlatforms) = postSolution
		{02C6A577-DC78-4D32-AB7C-74C4FB011DA5}.Debug|Any CPU.ActiveCfg = Debug|Any CPU
		{02C6A577-DC78-4D32-AB7C-74C4FB011DA5}.Debug|Any CPU.Build.0 = Debug|Any CPU
		{02C6A577-DC78-4D32-AB7C-74C4FB011DA5}.Release|Any CPU.ActiveCfg = Release|Any CPU
		{02C6A577-DC78-4D32-AB7C-74C4FB011DA5}.Release|Any CPU.Build.0 = Release|Any CPU
	EndGlobalSection
	GlobalSection(SolutionProperties) = preSolution
		HideSolutionNode = FALSE
	EndGlobalSection
	GlobalSection(ExtensibilityGlobals) = postSolution
		SolutionGuid = {2DE79C29-6356-4E7A-B9A4-0CBD15274602}
	EndGlobalSection
EndGlobal
